{
  "pins" : [
    {
      "identity" : "safehello-ios-binary-sdk",
      "kind" : "remoteSourceControl",
      "location" : "https://github.com/HopCommunity/safehello-ios-binary-sdk.git",
      "state" : {
        "branch" : "main",
        "revision" : "30c5ef54f2d5ad96f8b03ab4ec7a4fff7b0877f7"
      }
    }
  ],
  "version" : 2
}
