{
  "pins" : [
    {
      "identity" : "safehello-ios-binary-sdk",
      "kind" : "remoteSourceControl",
      "location" : "https://github.com/HopCommunity/safehello-ios-binary-sdk.git",
      "state" : {
        "branch" : "main",
        "revision" : "4ae2644c5bb9481bdefabc25d44c4bfe2779b30f"
      }
    }
  ],
  "version" : 2
}
