{
  "pins" : [
    {
      "identity" : "safehello-ios-binary-sdk",
      "kind" : "remoteSourceControl",
      "location" : "https://github.com/HopCommunity/safehello-ios-binary-sdk.git",
      "state" : {
        "branch" : "main",
        "revision" : "c4befd8d655915bb7e6d3400a2a8372919fb5001"
      }
    }
  ],
  "version" : 2
}
